
Microsoft Visual Studio Solution File, Format Version 12.00
# Visual Studio 15
VisualStudioVersion = 15.0.26403.7
MinimumVisualStudioVersion = 10.0.40219.1
Project("{8BC9CEB8-8B4A-11D0-8D11-00A0C91BC942}") = "GameDev project", "GameDev project\GameDev project.vcxproj", "{04911B50-1F52-4C84-8A82-A91A557A67F0}"
	ProjectSection(ProjectDependencies) = postProject
		{687C6A63-F9FE-4895-AF9E-57487A3D1C89} = {687C6A63-F9FE-4895-AF9E-57487A3D1C89}
		{1971EBB7-9FBE-4288-8BF9-BEBF5E693C83} = {1971EBB7-9FBE-4288-8BF9-BEBF5E693C83}
		{E74D92B8-58F1-423B-BAA6-E7937EBCA131} = {E74D92B8-58F1-423B-BAA6-E7937EBCA131}
		{1FE9B4FF-A5E5-425F-AECF-EACF5E796FCE} = {1FE9B4FF-A5E5-425F-AECF-EACF5E796FCE}
	EndProjectSection
EndProject
Project("{8BC9CEB8-8B4A-11D0-8D11-00A0C91BC942}") = "Math", "Math\Math.vcxproj", "{687C6A63-F9FE-4895-AF9E-57487A3D1C89}"
EndProject
Project("{8BC9CEB8-8B4A-11D0-8D11-00A0C91BC942}") = "Wagl", "Wagl\Wagl.vcxproj", "{1971EBB7-9FBE-4288-8BF9-BEBF5E693C83}"
	ProjectSection(ProjectDependencies) = postProject
		{687C6A63-F9FE-4895-AF9E-57487A3D1C89} = {687C6A63-F9FE-4895-AF9E-57487A3D1C89}
		{C32FB2B4-500C-43CD-A099-EECCE079D3F1} = {C32FB2B4-500C-43CD-A099-EECCE079D3F1}
		{1FE9B4FF-A5E5-425F-AECF-EACF5E796FCE} = {1FE9B4FF-A5E5-425F-AECF-EACF5E796FCE}
	EndProjectSection
EndProject
Project("{8BC9CEB8-8B4A-11D0-8D11-00A0C91BC942}") = "MathTest", "MathTest\MathTest.vcxproj", "{AF462714-C7B2-4FA9-84A9-5D3CE949A762}"
EndProject
Project("{8BC9CEB8-8B4A-11D0-8D11-00A0C91BC942}") = "SOIL", "soil\projects\VC9\SOIL.vcxproj", "{C32FB2B4-500C-43CD-A099-EECCE079D3F1}"
EndProject
Project("{8BC9CEB8-8B4A-11D0-8D11-00A0C91BC942}") = "Memory", "Memory\Memory.vcxproj", "{1FE9B4FF-A5E5-425F-AECF-EACF5E796FCE}"
EndProject
Project("{8BC9CEB8-8B4A-11D0-8D11-00A0C91BC942}") = "Renderer", "Renderer\Renderer.vcxproj", "{E74D92B8-58F1-423B-BAA6-E7937EBCA131}"
	ProjectSection(ProjectDependencies) = postProject
		{687C6A63-F9FE-4895-AF9E-57487A3D1C89} = {687C6A63-F9FE-4895-AF9E-57487A3D1C89}
		{C32FB2B4-500C-43CD-A099-EECCE079D3F1} = {C32FB2B4-500C-43CD-A099-EECCE079D3F1}
		{1971EBB7-9FBE-4288-8BF9-BEBF5E693C83} = {1971EBB7-9FBE-4288-8BF9-BEBF5E693C83}
	EndProjectSection
EndProject
Project("{8BC9CEB8-8B4A-11D0-8D11-00A0C91BC942}") = "ECS", "ECS\ECS.vcxproj", "{A5956D56-7B1F-4FE8-8CD5-32892E6D58FE}"
EndProject
Project("{8BC9CEB8-8B4A-11D0-8D11-00A0C91BC942}") = "ECS Test", "ECS Test\ECS Test.vcxproj", "{C962B32B-47F5-4DED-BBFA-4EFFD0F689F2}"
	ProjectSection(ProjectDependencies) = postProject
		{A5956D56-7B1F-4FE8-8CD5-32892E6D58FE} = {A5956D56-7B1F-4FE8-8CD5-32892E6D58FE}
	EndProjectSection
EndProject
Global
	GlobalSection(SolutionConfigurationPlatforms) = preSolution
		Debug|x64 = Debug|x64
		Debug|x86 = Debug|x86
		MinSizeRel|x64 = MinSizeRel|x64
		MinSizeRel|x86 = MinSizeRel|x86
		Release|x64 = Release|x64
		Release|x86 = Release|x86
		RelWithDebInfo|x64 = RelWithDebInfo|x64
		RelWithDebInfo|x86 = RelWithDebInfo|x86
	EndGlobalSection
	GlobalSection(ProjectConfigurationPlatforms) = postSolution
		{04911B50-1F52-4C84-8A82-A91A557A67F0}.Debug|x64.ActiveCfg = Debug|x64
		{04911B50-1F52-4C84-8A82-A91A557A67F0}.Debug|x64.Build.0 = Debug|x64
		{04911B50-1F52-4C84-8A82-A91A557A67F0}.Debug|x86.ActiveCfg = Debug|Win32
		{04911B50-1F52-4C84-8A82-A91A557A67F0}.Debug|x86.Build.0 = Debug|Win32
		{04911B50-1F52-4C84-8A82-A91A557A67F0}.MinSizeRel|x64.ActiveCfg = Release|x64
		{04911B50-1F52-4C84-8A82-A91A557A67F0}.MinSizeRel|x64.Build.0 = Release|x64
		{04911B50-1F52-4C84-8A82-A91A557A67F0}.MinSizeRel|x86.ActiveCfg = Release|Win32
		{04911B50-1F52-4C84-8A82-A91A557A67F0}.MinSizeRel|x86.Build.0 = Release|Win32
		{04911B50-1F52-4C84-8A82-A91A557A67F0}.Release|x64.ActiveCfg = Release|x64
		{04911B50-1F52-4C84-8A82-A91A557A67F0}.Release|x64.Build.0 = Release|x64
		{04911B50-1F52-4C84-8A82-A91A557A67F0}.Release|x86.ActiveCfg = Release|Win32
		{04911B50-1F52-4C84-8A82-A91A557A67F0}.Release|x86.Build.0 = Release|Win32
		{04911B50-1F52-4C84-8A82-A91A557A67F0}.RelWithDebInfo|x64.ActiveCfg = Release|x64
		{04911B50-1F52-4C84-8A82-A91A557A67F0}.RelWithDebInfo|x64.Build.0 = Release|x64
		{04911B50-1F52-4C84-8A82-A91A557A67F0}.RelWithDebInfo|x86.ActiveCfg = Release|Win32
		{04911B50-1F52-4C84-8A82-A91A557A67F0}.RelWithDebInfo|x86.Build.0 = Release|Win32
		{687C6A63-F9FE-4895-AF9E-57487A3D1C89}.Debug|x64.ActiveCfg = Debug|x64
		{687C6A63-F9FE-4895-AF9E-57487A3D1C89}.Debug|x64.Build.0 = Debug|x64
		{687C6A63-F9FE-4895-AF9E-57487A3D1C89}.Debug|x86.ActiveCfg = Debug|Win32
		{687C6A63-F9FE-4895-AF9E-57487A3D1C89}.Debug|x86.Build.0 = Debug|Win32
		{687C6A63-F9FE-4895-AF9E-57487A3D1C89}.MinSizeRel|x64.ActiveCfg = Release|x64
		{687C6A63-F9FE-4895-AF9E-57487A3D1C89}.MinSizeRel|x64.Build.0 = Release|x64
		{687C6A63-F9FE-4895-AF9E-57487A3D1C89}.MinSizeRel|x86.ActiveCfg = Release|Win32
		{687C6A63-F9FE-4895-AF9E-57487A3D1C89}.MinSizeRel|x86.Build.0 = Release|Win32
		{687C6A63-F9FE-4895-AF9E-57487A3D1C89}.Release|x64.ActiveCfg = Release|x64
		{687C6A63-F9FE-4895-AF9E-57487A3D1C89}.Release|x64.Build.0 = Release|x64
		{687C6A63-F9FE-4895-AF9E-57487A3D1C89}.Release|x86.ActiveCfg = Release|Win32
		{687C6A63-F9FE-4895-AF9E-57487A3D1C89}.Release|x86.Build.0 = Release|Win32
		{687C6A63-F9FE-4895-AF9E-57487A3D1C89}.RelWithDebInfo|x64.ActiveCfg = Release|x64
		{687C6A63-F9FE-4895-AF9E-57487A3D1C89}.RelWithDebInfo|x64.Build.0 = Release|x64
		{687C6A63-F9FE-4895-AF9E-57487A3D1C89}.RelWithDebInfo|x86.ActiveCfg = Release|Win32
		{687C6A63-F9FE-4895-AF9E-57487A3D1C89}.RelWithDebInfo|x86.Build.0 = Release|Win32
		{1971EBB7-9FBE-4288-8BF9-BEBF5E693C83}.Debug|x64.ActiveCfg = Debug|x64
		{1971EBB7-9FBE-4288-8BF9-BEBF5E693C83}.Debug|x64.Build.0 = Debug|x64
		{1971EBB7-9FBE-4288-8BF9-BEBF5E693C83}.Debug|x86.ActiveCfg = Debug|Win32
		{1971EBB7-9FBE-4288-8BF9-BEBF5E693C83}.Debug|x86.Build.0 = Debug|Win32
		{1971EBB7-9FBE-4288-8BF9-BEBF5E693C83}.MinSizeRel|x64.ActiveCfg = Release|x64
		{1971EBB7-9FBE-4288-8BF9-BEBF5E693C83}.MinSizeRel|x64.Build.0 = Release|x64
		{1971EBB7-9FBE-4288-8BF9-BEBF5E693C83}.MinSizeRel|x86.ActiveCfg = Release|Win32
		{1971EBB7-9FBE-4288-8BF9-BEBF5E693C83}.MinSizeRel|x86.Build.0 = Release|Win32
		{1971EBB7-9FBE-4288-8BF9-BEBF5E693C83}.Release|x64.ActiveCfg = Release|x64
		{1971EBB7-9FBE-4288-8BF9-BEBF5E693C83}.Release|x64.Build.0 = Release|x64
		{1971EBB7-9FBE-4288-8BF9-BEBF5E693C83}.Release|x86.ActiveCfg = Release|Win32
		{1971EBB7-9FBE-4288-8BF9-BEBF5E693C83}.Release|x86.Build.0 = Release|Win32
		{1971EBB7-9FBE-4288-8BF9-BEBF5E693C83}.RelWithDebInfo|x64.ActiveCfg = Release|x64
		{1971EBB7-9FBE-4288-8BF9-BEBF5E693C83}.RelWithDebInfo|x64.Build.0 = Release|x64
		{1971EBB7-9FBE-4288-8BF9-BEBF5E693C83}.RelWithDebInfo|x86.ActiveCfg = Release|Win32
		{1971EBB7-9FBE-4288-8BF9-BEBF5E693C83}.RelWithDebInfo|x86.Build.0 = Release|Win32
		{AF462714-C7B2-4FA9-84A9-5D3CE949A762}.Debug|x64.ActiveCfg = Debug|x64
		{AF462714-C7B2-4FA9-84A9-5D3CE949A762}.Debug|x64.Build.0 = Debug|x64
		{AF462714-C7B2-4FA9-84A9-5D3CE949A762}.Debug|x86.ActiveCfg = Debug|Win32
		{AF462714-C7B2-4FA9-84A9-5D3CE949A762}.Debug|x86.Build.0 = Debug|Win32
		{AF462714-C7B2-4FA9-84A9-5D3CE949A762}.MinSizeRel|x64.ActiveCfg = Release|x64
		{AF462714-C7B2-4FA9-84A9-5D3CE949A762}.MinSizeRel|x64.Build.0 = Release|x64
		{AF462714-C7B2-4FA9-84A9-5D3CE949A762}.MinSizeRel|x86.ActiveCfg = Release|Win32
		{AF462714-C7B2-4FA9-84A9-5D3CE949A762}.MinSizeRel|x86.Build.0 = Release|Win32
		{AF462714-C7B2-4FA9-84A9-5D3CE949A762}.Release|x64.ActiveCfg = Release|x64
		{AF462714-C7B2-4FA9-84A9-5D3CE949A762}.Release|x64.Build.0 = Release|x64
		{AF462714-C7B2-4FA9-84A9-5D3CE949A762}.Release|x86.ActiveCfg = Release|Win32
		{AF462714-C7B2-4FA9-84A9-5D3CE949A762}.Release|x86.Build.0 = Release|Win32
		{AF462714-C7B2-4FA9-84A9-5D3CE949A762}.RelWithDebInfo|x64.ActiveCfg = Release|x64
		{AF462714-C7B2-4FA9-84A9-5D3CE949A762}.RelWithDebInfo|x64.Build.0 = Release|x64
		{AF462714-C7B2-4FA9-84A9-5D3CE949A762}.RelWithDebInfo|x86.ActiveCfg = Release|Win32
		{AF462714-C7B2-4FA9-84A9-5D3CE949A762}.RelWithDebInfo|x86.Build.0 = Release|Win32
		{C32FB2B4-500C-43CD-A099-EECCE079D3F1}.Debug|x64.ActiveCfg = Debug|x64
		{C32FB2B4-500C-43CD-A099-EECCE079D3F1}.Debug|x64.Build.0 = Debug|x64
		{C32FB2B4-500C-43CD-A099-EECCE079D3F1}.Debug|x86.ActiveCfg = Debug|Win32
		{C32FB2B4-500C-43CD-A099-EECCE079D3F1}.Debug|x86.Build.0 = Debug|Win32
		{C32FB2B4-500C-43CD-A099-EECCE079D3F1}.MinSizeRel|x64.ActiveCfg = Release|x64
		{C32FB2B4-500C-43CD-A099-EECCE079D3F1}.MinSizeRel|x64.Build.0 = Release|x64
		{C32FB2B4-500C-43CD-A099-EECCE079D3F1}.MinSizeRel|x86.ActiveCfg = Release|Win32
		{C32FB2B4-500C-43CD-A099-EECCE079D3F1}.MinSizeRel|x86.Build.0 = Release|Win32
		{C32FB2B4-500C-43CD-A099-EECCE079D3F1}.Release|x64.ActiveCfg = Release|x64
		{C32FB2B4-500C-43CD-A099-EECCE079D3F1}.Release|x64.Build.0 = Release|x64
		{C32FB2B4-500C-43CD-A099-EECCE079D3F1}.Release|x86.ActiveCfg = Release|Win32
		{C32FB2B4-500C-43CD-A099-EECCE079D3F1}.Release|x86.Build.0 = Release|Win32
		{C32FB2B4-500C-43CD-A099-EECCE079D3F1}.RelWithDebInfo|x64.ActiveCfg = Release|x64
		{C32FB2B4-500C-43CD-A099-EECCE079D3F1}.RelWithDebInfo|x64.Build.0 = Release|x64
		{C32FB2B4-500C-43CD-A099-EECCE079D3F1}.RelWithDebInfo|x86.ActiveCfg = Release|Win32
		{C32FB2B4-500C-43CD-A099-EECCE079D3F1}.RelWithDebInfo|x86.Build.0 = Release|Win32
		{1FE9B4FF-A5E5-425F-AECF-EACF5E796FCE}.Debug|x64.ActiveCfg = Debug|x64
		{1FE9B4FF-A5E5-425F-AECF-EACF5E796FCE}.Debug|x64.Build.0 = Debug|x64
		{1FE9B4FF-A5E5-425F-AECF-EACF5E796FCE}.Debug|x86.ActiveCfg = Debug|Win32
		{1FE9B4FF-A5E5-425F-AECF-EACF5E796FCE}.Debug|x86.Build.0 = Debug|Win32
		{1FE9B4FF-A5E5-425F-AECF-EACF5E796FCE}.MinSizeRel|x64.ActiveCfg = Release|x64
		{1FE9B4FF-A5E5-425F-AECF-EACF5E796FCE}.MinSizeRel|x64.Build.0 = Release|x64
		{1FE9B4FF-A5E5-425F-AECF-EACF5E796FCE}.MinSizeRel|x86.ActiveCfg = Release|Win32
		{1FE9B4FF-A5E5-425F-AECF-EACF5E796FCE}.MinSizeRel|x86.Build.0 = Release|Win32
		{1FE9B4FF-A5E5-425F-AECF-EACF5E796FCE}.Release|x64.ActiveCfg = Release|x64
		{1FE9B4FF-A5E5-425F-AECF-EACF5E796FCE}.Release|x64.Build.0 = Release|x64
		{1FE9B4FF-A5E5-425F-AECF-EACF5E796FCE}.Release|x86.ActiveCfg = Release|Win32
		{1FE9B4FF-A5E5-425F-AECF-EACF5E796FCE}.Release|x86.Build.0 = Release|Win32
		{1FE9B4FF-A5E5-425F-AECF-EACF5E796FCE}.RelWithDebInfo|x64.ActiveCfg = Release|x64
		{1FE9B4FF-A5E5-425F-AECF-EACF5E796FCE}.RelWithDebInfo|x64.Build.0 = Release|x64
		{1FE9B4FF-A5E5-425F-AECF-EACF5E796FCE}.RelWithDebInfo|x86.ActiveCfg = Release|Win32
		{1FE9B4FF-A5E5-425F-AECF-EACF5E796FCE}.RelWithDebInfo|x86.Build.0 = Release|Win32
		{E74D92B8-58F1-423B-BAA6-E7937EBCA131}.Debug|x64.ActiveCfg = Debug|x64
		{E74D92B8-58F1-423B-BAA6-E7937EBCA131}.Debug|x64.Build.0 = Debug|x64
		{E74D92B8-58F1-423B-BAA6-E7937EBCA131}.Debug|x86.ActiveCfg = Debug|Win32
		{E74D92B8-58F1-423B-BAA6-E7937EBCA131}.Debug|x86.Build.0 = Debug|Win32
		{E74D92B8-58F1-423B-BAA6-E7937EBCA131}.MinSizeRel|x64.ActiveCfg = Release|x64
		{E74D92B8-58F1-423B-BAA6-E7937EBCA131}.MinSizeRel|x64.Build.0 = Release|x64
		{E74D92B8-58F1-423B-BAA6-E7937EBCA131}.MinSizeRel|x86.ActiveCfg = Release|Win32
		{E74D92B8-58F1-423B-BAA6-E7937EBCA131}.MinSizeRel|x86.Build.0 = Release|Win32
		{E74D92B8-58F1-423B-BAA6-E7937EBCA131}.Release|x64.ActiveCfg = Release|x64
		{E74D92B8-58F1-423B-BAA6-E7937EBCA131}.Release|x64.Build.0 = Release|x64
		{E74D92B8-58F1-423B-BAA6-E7937EBCA131}.Release|x86.ActiveCfg = Release|Win32
		{E74D92B8-58F1-423B-BAA6-E7937EBCA131}.Release|x86.Build.0 = Release|Win32
		{E74D92B8-58F1-423B-BAA6-E7937EBCA131}.RelWithDebInfo|x64.ActiveCfg = Release|x64
		{E74D92B8-58F1-423B-BAA6-E7937EBCA131}.RelWithDebInfo|x64.Build.0 = Release|x64
		{E74D92B8-58F1-423B-BAA6-E7937EBCA131}.RelWithDebInfo|x86.ActiveCfg = Release|Win32
		{E74D92B8-58F1-423B-BAA6-E7937EBCA131}.RelWithDebInfo|x86.Build.0 = Release|Win32
		{A5956D56-7B1F-4FE8-8CD5-32892E6D58FE}.Debug|x64.ActiveCfg = Debug|x64
		{A5956D56-7B1F-4FE8-8CD5-32892E6D58FE}.Debug|x64.Build.0 = Debug|x64
		{A5956D56-7B1F-4FE8-8CD5-32892E6D58FE}.Debug|x86.ActiveCfg = Debug|Win32
		{A5956D56-7B1F-4FE8-8CD5-32892E6D58FE}.Debug|x86.Build.0 = Debug|Win32
		{A5956D56-7B1F-4FE8-8CD5-32892E6D58FE}.MinSizeRel|x64.ActiveCfg = Release|x64
		{A5956D56-7B1F-4FE8-8CD5-32892E6D58FE}.MinSizeRel|x64.Build.0 = Release|x64
		{A5956D56-7B1F-4FE8-8CD5-32892E6D58FE}.MinSizeRel|x86.ActiveCfg = Release|Win32
		{A5956D56-7B1F-4FE8-8CD5-32892E6D58FE}.MinSizeRel|x86.Build.0 = Release|Win32
		{A5956D56-7B1F-4FE8-8CD5-32892E6D58FE}.Release|x64.ActiveCfg = Release|x64
		{A5956D56-7B1F-4FE8-8CD5-32892E6D58FE}.Release|x64.Build.0 = Release|x64
		{A5956D56-7B1F-4FE8-8CD5-32892E6D58FE}.Release|x86.ActiveCfg = Release|Win32
		{A5956D56-7B1F-4FE8-8CD5-32892E6D58FE}.Release|x86.Build.0 = Release|Win32
		{A5956D56-7B1F-4FE8-8CD5-32892E6D58FE}.RelWithDebInfo|x64.ActiveCfg = Release|x64
		{A5956D56-7B1F-4FE8-8CD5-32892E6D58FE}.RelWithDebInfo|x64.Build.0 = Release|x64
		{A5956D56-7B1F-4FE8-8CD5-32892E6D58FE}.RelWithDebInfo|x86.ActiveCfg = Release|Win32
		{A5956D56-7B1F-4FE8-8CD5-32892E6D58FE}.RelWithDebInfo|x86.Build.0 = Release|Win32
		{C962B32B-47F5-4DED-BBFA-4EFFD0F689F2}.Debug|x64.ActiveCfg = Debug|x64
		{C962B32B-47F5-4DED-BBFA-4EFFD0F689F2}.Debug|x64.Build.0 = Debug|x64
		{C962B32B-47F5-4DED-BBFA-4EFFD0F689F2}.Debug|x86.ActiveCfg = Debug|Win32
		{C962B32B-47F5-4DED-BBFA-4EFFD0F689F2}.Debug|x86.Build.0 = Debug|Win32
		{C962B32B-47F5-4DED-BBFA-4EFFD0F689F2}.MinSizeRel|x64.ActiveCfg = Release|x64
		{C962B32B-47F5-4DED-BBFA-4EFFD0F689F2}.MinSizeRel|x64.Build.0 = Release|x64
		{C962B32B-47F5-4DED-BBFA-4EFFD0F689F2}.MinSizeRel|x86.ActiveCfg = Release|Win32
		{C962B32B-47F5-4DED-BBFA-4EFFD0F689F2}.MinSizeRel|x86.Build.0 = Release|Win32
		{C962B32B-47F5-4DED-BBFA-4EFFD0F689F2}.Release|x64.ActiveCfg = Release|x64
		{C962B32B-47F5-4DED-BBFA-4EFFD0F689F2}.Release|x64.Build.0 = Release|x64
		{C962B32B-47F5-4DED-BBFA-4EFFD0F689F2}.Release|x86.ActiveCfg = Release|Win32
		{C962B32B-47F5-4DED-BBFA-4EFFD0F689F2}.Release|x86.Build.0 = Release|Win32
		{C962B32B-47F5-4DED-BBFA-4EFFD0F689F2}.RelWithDebInfo|x64.ActiveCfg = Release|x64
		{C962B32B-47F5-4DED-BBFA-4EFFD0F689F2}.RelWithDebInfo|x64.Build.0 = Release|x64
		{C962B32B-47F5-4DED-BBFA-4EFFD0F689F2}.RelWithDebInfo|x86.ActiveCfg = Release|Win32
		{C962B32B-47F5-4DED-BBFA-4EFFD0F689F2}.RelWithDebInfo|x86.Build.0 = Release|Win32
	EndGlobalSection
	GlobalSection(SolutionProperties) = preSolution
		HideSolutionNode = FALSE
	EndGlobalSection
	GlobalSection(ExtensibilityGlobals) = postSolution
		SolutionGuid = {67D0A8C5-E9A3-40D0-8D1A-BF92179A5255}
	EndGlobalSection
EndGlobal
