Microsoft Visual Studio Solution File, Format Version 12.00
# Visual Studio 15
Project("{2150E333-8FDC-42A3-9474-1A3956D46DE8}") = "CMakePredefinedTargets", "CMakePredefinedTargets", "{A701BD68-FC15-377E-B701-429FD3AFCA37}"
EndProject
Project("{2150E333-8FDC-42A3-9474-1A3956D46DE8}") = "GLFW3", "GLFW3", "{6D11A4CA-1756-3960-856B-5C777052037B}"
EndProject
Project("{2150E333-8FDC-42A3-9474-1A3956D46DE8}") = "Examples", "GLFW3\Examples", "{BB312C9C-35D0-3A2C-8646-31AB64439A8F}"
EndProject
Project("{2150E333-8FDC-42A3-9474-1A3956D46DE8}") = "Tests", "GLFW3\Tests", "{B7C3F0E4-A273-33EA-9C18-AB516F22271A}"
EndProject
Project("{8BC9CEB8-8B4A-11D0-8D11-00A0C91BC942}") = "ALL_BUILD", "ALL_BUILD.vcxproj", "{9E4F7D84-B213-3D7D-99F1-5300A47CB23E}"
	ProjectSection(ProjectDependencies) = postProject
		{E53CEBF0-9890-3ADA-810B-589113BAF9DA} = {E53CEBF0-9890-3ADA-810B-589113BAF9DA}
		{48913442-1505-3767-9A60-959788989CBA} = {48913442-1505-3767-9A60-959788989CBA}
		{85DDE539-7BC0-317E-A489-C88576322D3E} = {85DDE539-7BC0-317E-A489-C88576322D3E}
		{6174CE43-D52D-39A5-AEE8-6BF4BE7651D1} = {6174CE43-D52D-39A5-AEE8-6BF4BE7651D1}
		{5C64C02A-FCAC-36B1-A228-6C1D1A8C5637} = {5C64C02A-FCAC-36B1-A228-6C1D1A8C5637}
		{7A025BF1-ECCF-3C51-9BED-3487DB2486C1} = {7A025BF1-ECCF-3C51-9BED-3487DB2486C1}
		{B44BA918-3D35-3ED5-A769-EC801DF630E7} = {B44BA918-3D35-3ED5-A769-EC801DF630E7}
		{E077CBE9-784E-3D1C-932F-6509F3C05497} = {E077CBE9-784E-3D1C-932F-6509F3C05497}
		{25FF793C-A5DE-34D2-A9AB-7DDB9C681331} = {25FF793C-A5DE-34D2-A9AB-7DDB9C681331}
		{CE182092-6963-3B06-BD41-CF49A9D994AD} = {CE182092-6963-3B06-BD41-CF49A9D994AD}
		{3FC24FB5-E6B9-3D13-BF9C-72C021915E2D} = {3FC24FB5-E6B9-3D13-BF9C-72C021915E2D}
		{823DD1F8-F0FF-3DD5-A21C-EF7BC3CDE93B} = {823DD1F8-F0FF-3DD5-A21C-EF7BC3CDE93B}
		{1F159574-A2AA-364C-ABFC-6A8CAD6DB7AE} = {1F159574-A2AA-364C-ABFC-6A8CAD6DB7AE}
		{B61422E4-9724-366F-A12B-C9C0E94D10DB} = {B61422E4-9724-366F-A12B-C9C0E94D10DB}
		{BBD3AEDF-00F8-3D9B-BB5A-2248942689F2} = {BBD3AEDF-00F8-3D9B-BB5A-2248942689F2}
		{7DC87722-030E-3EB6-BA69-4E4E1CB204C2} = {7DC87722-030E-3EB6-BA69-4E4E1CB204C2}
		{F2AD9560-E52E-35A3-99C3-2A87CAFB6AEC} = {F2AD9560-E52E-35A3-99C3-2A87CAFB6AEC}
		{249E2BC6-6315-3A47-9EE5-2D5761C15A1D} = {249E2BC6-6315-3A47-9EE5-2D5761C15A1D}
		{6DA56F1D-CD85-3D97-A1E5-02E244BA08A9} = {6DA56F1D-CD85-3D97-A1E5-02E244BA08A9}
		{23E54FFE-9C9D-323A-A5FC-9F6E4591664C} = {23E54FFE-9C9D-323A-A5FC-9F6E4591664C}
		{6E88DF44-0D0A-32B7-82E2-1160F1E2B3A8} = {6E88DF44-0D0A-32B7-82E2-1160F1E2B3A8}
		{8E8E0E63-E360-385F-9839-8D13965AB647} = {8E8E0E63-E360-385F-9839-8D13965AB647}
		{425119E4-E1CF-38EE-B30B-1BD20F54A6C1} = {425119E4-E1CF-38EE-B30B-1BD20F54A6C1}
		{5FDCABFC-2D23-35B0-A0F8-C817A5E40140} = {5FDCABFC-2D23-35B0-A0F8-C817A5E40140}
		{4B809E7B-0EF2-3AA9-BEC1-B131EFB71733} = {4B809E7B-0EF2-3AA9-BEC1-B131EFB71733}
		{05887A2A-E967-3370-8947-03A51EC76365} = {05887A2A-E967-3370-8947-03A51EC76365}
		{F92AA86C-CC69-372E-BE26-05FCAA332BA2} = {F92AA86C-CC69-372E-BE26-05FCAA332BA2}
	EndProjectSection
EndProject
Project("{8BC9CEB8-8B4A-11D0-8D11-00A0C91BC942}") = "INSTALL", "INSTALL.vcxproj", "{5290E2BC-AB19-34F2-BCD8-501CD257BAD4}"
	ProjectSection(ProjectDependencies) = postProject
		{9E4F7D84-B213-3D7D-99F1-5300A47CB23E} = {9E4F7D84-B213-3D7D-99F1-5300A47CB23E}
		{E53CEBF0-9890-3ADA-810B-589113BAF9DA} = {E53CEBF0-9890-3ADA-810B-589113BAF9DA}
	EndProjectSection
EndProject
Project("{8BC9CEB8-8B4A-11D0-8D11-00A0C91BC942}") = "ZERO_CHECK", "ZERO_CHECK.vcxproj", "{E53CEBF0-9890-3ADA-810B-589113BAF9DA}"
	ProjectSection(ProjectDependencies) = postProject
	EndProjectSection
EndProject
Project("{8BC9CEB8-8B4A-11D0-8D11-00A0C91BC942}") = "boing", "examples\boing.vcxproj", "{48913442-1505-3767-9A60-959788989CBA}"
	ProjectSection(ProjectDependencies) = postProject
		{E53CEBF0-9890-3ADA-810B-589113BAF9DA} = {E53CEBF0-9890-3ADA-810B-589113BAF9DA}
		{25FF793C-A5DE-34D2-A9AB-7DDB9C681331} = {25FF793C-A5DE-34D2-A9AB-7DDB9C681331}
	EndProjectSection
EndProject
Project("{8BC9CEB8-8B4A-11D0-8D11-00A0C91BC942}") = "clipboard", "tests\clipboard.vcxproj", "{85DDE539-7BC0-317E-A489-C88576322D3E}"
	ProjectSection(ProjectDependencies) = postProject
		{E53CEBF0-9890-3ADA-810B-589113BAF9DA} = {E53CEBF0-9890-3ADA-810B-589113BAF9DA}
		{25FF793C-A5DE-34D2-A9AB-7DDB9C681331} = {25FF793C-A5DE-34D2-A9AB-7DDB9C681331}
	EndProjectSection
EndProject
Project("{8BC9CEB8-8B4A-11D0-8D11-00A0C91BC942}") = "cursor", "tests\cursor.vcxproj", "{6174CE43-D52D-39A5-AEE8-6BF4BE7651D1}"
	ProjectSection(ProjectDependencies) = postProject
		{E53CEBF0-9890-3ADA-810B-589113BAF9DA} = {E53CEBF0-9890-3ADA-810B-589113BAF9DA}
		{25FF793C-A5DE-34D2-A9AB-7DDB9C681331} = {25FF793C-A5DE-34D2-A9AB-7DDB9C681331}
	EndProjectSection
EndProject
Project("{8BC9CEB8-8B4A-11D0-8D11-00A0C91BC942}") = "empty", "tests\empty.vcxproj", "{5C64C02A-FCAC-36B1-A228-6C1D1A8C5637}"
	ProjectSection(ProjectDependencies) = postProject
		{E53CEBF0-9890-3ADA-810B-589113BAF9DA} = {E53CEBF0-9890-3ADA-810B-589113BAF9DA}
		{25FF793C-A5DE-34D2-A9AB-7DDB9C681331} = {25FF793C-A5DE-34D2-A9AB-7DDB9C681331}
	EndProjectSection
EndProject
Project("{8BC9CEB8-8B4A-11D0-8D11-00A0C91BC942}") = "events", "tests\events.vcxproj", "{7A025BF1-ECCF-3C51-9BED-3487DB2486C1}"
	ProjectSection(ProjectDependencies) = postProject
		{E53CEBF0-9890-3ADA-810B-589113BAF9DA} = {E53CEBF0-9890-3ADA-810B-589113BAF9DA}
		{25FF793C-A5DE-34D2-A9AB-7DDB9C681331} = {25FF793C-A5DE-34D2-A9AB-7DDB9C681331}
	EndProjectSection
EndProject
Project("{8BC9CEB8-8B4A-11D0-8D11-00A0C91BC942}") = "gamma", "tests\gamma.vcxproj", "{B44BA918-3D35-3ED5-A769-EC801DF630E7}"
	ProjectSection(ProjectDependencies) = postProject
		{E53CEBF0-9890-3ADA-810B-589113BAF9DA} = {E53CEBF0-9890-3ADA-810B-589113BAF9DA}
		{25FF793C-A5DE-34D2-A9AB-7DDB9C681331} = {25FF793C-A5DE-34D2-A9AB-7DDB9C681331}
	EndProjectSection
EndProject
Project("{8BC9CEB8-8B4A-11D0-8D11-00A0C91BC942}") = "gears", "examples\gears.vcxproj", "{E077CBE9-784E-3D1C-932F-6509F3C05497}"
	ProjectSection(ProjectDependencies) = postProject
		{E53CEBF0-9890-3ADA-810B-589113BAF9DA} = {E53CEBF0-9890-3ADA-810B-589113BAF9DA}
		{25FF793C-A5DE-34D2-A9AB-7DDB9C681331} = {25FF793C-A5DE-34D2-A9AB-7DDB9C681331}
	EndProjectSection
EndProject
Project("{8BC9CEB8-8B4A-11D0-8D11-00A0C91BC942}") = "glfw", "src\glfw.vcxproj", "{25FF793C-A5DE-34D2-A9AB-7DDB9C681331}"
	ProjectSection(ProjectDependencies) = postProject
		{E53CEBF0-9890-3ADA-810B-589113BAF9DA} = {E53CEBF0-9890-3ADA-810B-589113BAF9DA}
	EndProjectSection
EndProject
Project("{8BC9CEB8-8B4A-11D0-8D11-00A0C91BC942}") = "glfwinfo", "tests\glfwinfo.vcxproj", "{CE182092-6963-3B06-BD41-CF49A9D994AD}"
	ProjectSection(ProjectDependencies) = postProject
		{E53CEBF0-9890-3ADA-810B-589113BAF9DA} = {E53CEBF0-9890-3ADA-810B-589113BAF9DA}
		{25FF793C-A5DE-34D2-A9AB-7DDB9C681331} = {25FF793C-A5DE-34D2-A9AB-7DDB9C681331}
	EndProjectSection
EndProject
Project("{8BC9CEB8-8B4A-11D0-8D11-00A0C91BC942}") = "heightmap", "examples\heightmap.vcxproj", "{3FC24FB5-E6B9-3D13-BF9C-72C021915E2D}"
	ProjectSection(ProjectDependencies) = postProject
		{E53CEBF0-9890-3ADA-810B-589113BAF9DA} = {E53CEBF0-9890-3ADA-810B-589113BAF9DA}
		{25FF793C-A5DE-34D2-A9AB-7DDB9C681331} = {25FF793C-A5DE-34D2-A9AB-7DDB9C681331}
	EndProjectSection
EndProject
Project("{8BC9CEB8-8B4A-11D0-8D11-00A0C91BC942}") = "icon", "tests\icon.vcxproj", "{823DD1F8-F0FF-3DD5-A21C-EF7BC3CDE93B}"
	ProjectSection(ProjectDependencies) = postProject
		{E53CEBF0-9890-3ADA-810B-589113BAF9DA} = {E53CEBF0-9890-3ADA-810B-589113BAF9DA}
		{25FF793C-A5DE-34D2-A9AB-7DDB9C681331} = {25FF793C-A5DE-34D2-A9AB-7DDB9C681331}
	EndProjectSection
EndProject
Project("{8BC9CEB8-8B4A-11D0-8D11-00A0C91BC942}") = "iconify", "tests\iconify.vcxproj", "{1F159574-A2AA-364C-ABFC-6A8CAD6DB7AE}"
	ProjectSection(ProjectDependencies) = postProject
		{E53CEBF0-9890-3ADA-810B-589113BAF9DA} = {E53CEBF0-9890-3ADA-810B-589113BAF9DA}
		{25FF793C-A5DE-34D2-A9AB-7DDB9C681331} = {25FF793C-A5DE-34D2-A9AB-7DDB9C681331}
	EndProjectSection
EndProject
Project("{8BC9CEB8-8B4A-11D0-8D11-00A0C91BC942}") = "joysticks", "tests\joysticks.vcxproj", "{B61422E4-9724-366F-A12B-C9C0E94D10DB}"
	ProjectSection(ProjectDependencies) = postProject
		{E53CEBF0-9890-3ADA-810B-589113BAF9DA} = {E53CEBF0-9890-3ADA-810B-589113BAF9DA}
		{25FF793C-A5DE-34D2-A9AB-7DDB9C681331} = {25FF793C-A5DE-34D2-A9AB-7DDB9C681331}
	EndProjectSection
EndProject
Project("{8BC9CEB8-8B4A-11D0-8D11-00A0C91BC942}") = "monitors", "tests\monitors.vcxproj", "{BBD3AEDF-00F8-3D9B-BB5A-2248942689F2}"
	ProjectSection(ProjectDependencies) = postProject
		{E53CEBF0-9890-3ADA-810B-589113BAF9DA} = {E53CEBF0-9890-3ADA-810B-589113BAF9DA}
		{25FF793C-A5DE-34D2-A9AB-7DDB9C681331} = {25FF793C-A5DE-34D2-A9AB-7DDB9C681331}
	EndProjectSection
EndProject
Project("{8BC9CEB8-8B4A-11D0-8D11-00A0C91BC942}") = "msaa", "tests\msaa.vcxproj", "{7DC87722-030E-3EB6-BA69-4E4E1CB204C2}"
	ProjectSection(ProjectDependencies) = postProject
		{E53CEBF0-9890-3ADA-810B-589113BAF9DA} = {E53CEBF0-9890-3ADA-810B-589113BAF9DA}
		{25FF793C-A5DE-34D2-A9AB-7DDB9C681331} = {25FF793C-A5DE-34D2-A9AB-7DDB9C681331}
	EndProjectSection
EndProject
Project("{8BC9CEB8-8B4A-11D0-8D11-00A0C91BC942}") = "particles", "examples\particles.vcxproj", "{F2AD9560-E52E-35A3-99C3-2A87CAFB6AEC}"
	ProjectSection(ProjectDependencies) = postProject
		{E53CEBF0-9890-3ADA-810B-589113BAF9DA} = {E53CEBF0-9890-3ADA-810B-589113BAF9DA}
		{25FF793C-A5DE-34D2-A9AB-7DDB9C681331} = {25FF793C-A5DE-34D2-A9AB-7DDB9C681331}
	EndProjectSection
EndProject
Project("{8BC9CEB8-8B4A-11D0-8D11-00A0C91BC942}") = "reopen", "tests\reopen.vcxproj", "{249E2BC6-6315-3A47-9EE5-2D5761C15A1D}"
	ProjectSection(ProjectDependencies) = postProject
		{E53CEBF0-9890-3ADA-810B-589113BAF9DA} = {E53CEBF0-9890-3ADA-810B-589113BAF9DA}
		{25FF793C-A5DE-34D2-A9AB-7DDB9C681331} = {25FF793C-A5DE-34D2-A9AB-7DDB9C681331}
	EndProjectSection
EndProject
Project("{8BC9CEB8-8B4A-11D0-8D11-00A0C91BC942}") = "sharing", "tests\sharing.vcxproj", "{6DA56F1D-CD85-3D97-A1E5-02E244BA08A9}"
	ProjectSection(ProjectDependencies) = postProject
		{E53CEBF0-9890-3ADA-810B-589113BAF9DA} = {E53CEBF0-9890-3ADA-810B-589113BAF9DA}
		{25FF793C-A5DE-34D2-A9AB-7DDB9C681331} = {25FF793C-A5DE-34D2-A9AB-7DDB9C681331}
	EndProjectSection
EndProject
Project("{8BC9CEB8-8B4A-11D0-8D11-00A0C91BC942}") = "simple", "examples\simple.vcxproj", "{23E54FFE-9C9D-323A-A5FC-9F6E4591664C}"
	ProjectSection(ProjectDependencies) = postProject
		{E53CEBF0-9890-3ADA-810B-589113BAF9DA} = {E53CEBF0-9890-3ADA-810B-589113BAF9DA}
		{25FF793C-A5DE-34D2-A9AB-7DDB9C681331} = {25FF793C-A5DE-34D2-A9AB-7DDB9C681331}
	EndProjectSection
EndProject
Project("{8BC9CEB8-8B4A-11D0-8D11-00A0C91BC942}") = "splitview", "examples\splitview.vcxproj", "{6E88DF44-0D0A-32B7-82E2-1160F1E2B3A8}"
	ProjectSection(ProjectDependencies) = postProject
		{E53CEBF0-9890-3ADA-810B-589113BAF9DA} = {E53CEBF0-9890-3ADA-810B-589113BAF9DA}
		{25FF793C-A5DE-34D2-A9AB-7DDB9C681331} = {25FF793C-A5DE-34D2-A9AB-7DDB9C681331}
	EndProjectSection
EndProject
Project("{8BC9CEB8-8B4A-11D0-8D11-00A0C91BC942}") = "tearing", "tests\tearing.vcxproj", "{8E8E0E63-E360-385F-9839-8D13965AB647}"
	ProjectSection(ProjectDependencies) = postProject
		{E53CEBF0-9890-3ADA-810B-589113BAF9DA} = {E53CEBF0-9890-3ADA-810B-589113BAF9DA}
		{25FF793C-A5DE-34D2-A9AB-7DDB9C681331} = {25FF793C-A5DE-34D2-A9AB-7DDB9C681331}
	EndProjectSection
EndProject
Project("{8BC9CEB8-8B4A-11D0-8D11-00A0C91BC942}") = "threads", "tests\threads.vcxproj", "{425119E4-E1CF-38EE-B30B-1BD20F54A6C1}"
	ProjectSection(ProjectDependencies) = postProject
		{E53CEBF0-9890-3ADA-810B-589113BAF9DA} = {E53CEBF0-9890-3ADA-810B-589113BAF9DA}
		{25FF793C-A5DE-34D2-A9AB-7DDB9C681331} = {25FF793C-A5DE-34D2-A9AB-7DDB9C681331}
	EndProjectSection
EndProject
Project("{8BC9CEB8-8B4A-11D0-8D11-00A0C91BC942}") = "timeout", "tests\timeout.vcxproj", "{5FDCABFC-2D23-35B0-A0F8-C817A5E40140}"
	ProjectSection(ProjectDependencies) = postProject
		{E53CEBF0-9890-3ADA-810B-589113BAF9DA} = {E53CEBF0-9890-3ADA-810B-589113BAF9DA}
		{25FF793C-A5DE-34D2-A9AB-7DDB9C681331} = {25FF793C-A5DE-34D2-A9AB-7DDB9C681331}
	EndProjectSection
EndProject
Project("{8BC9CEB8-8B4A-11D0-8D11-00A0C91BC942}") = "title", "tests\title.vcxproj", "{4B809E7B-0EF2-3AA9-BEC1-B131EFB71733}"
	ProjectSection(ProjectDependencies) = postProject
		{E53CEBF0-9890-3ADA-810B-589113BAF9DA} = {E53CEBF0-9890-3ADA-810B-589113BAF9DA}
		{25FF793C-A5DE-34D2-A9AB-7DDB9C681331} = {25FF793C-A5DE-34D2-A9AB-7DDB9C681331}
	EndProjectSection
EndProject
Project("{8BC9CEB8-8B4A-11D0-8D11-00A0C91BC942}") = "uninstall", "uninstall.vcxproj", "{DC164568-CEBD-3D66-9775-51B1F1464AAA}"
	ProjectSection(ProjectDependencies) = postProject
		{E53CEBF0-9890-3ADA-810B-589113BAF9DA} = {E53CEBF0-9890-3ADA-810B-589113BAF9DA}
	EndProjectSection
EndProject
Project("{8BC9CEB8-8B4A-11D0-8D11-00A0C91BC942}") = "wave", "examples\wave.vcxproj", "{05887A2A-E967-3370-8947-03A51EC76365}"
	ProjectSection(ProjectDependencies) = postProject
		{E53CEBF0-9890-3ADA-810B-589113BAF9DA} = {E53CEBF0-9890-3ADA-810B-589113BAF9DA}
		{25FF793C-A5DE-34D2-A9AB-7DDB9C681331} = {25FF793C-A5DE-34D2-A9AB-7DDB9C681331}
	EndProjectSection
EndProject
Project("{8BC9CEB8-8B4A-11D0-8D11-00A0C91BC942}") = "windows", "tests\windows.vcxproj", "{F92AA86C-CC69-372E-BE26-05FCAA332BA2}"
	ProjectSection(ProjectDependencies) = postProject
		{E53CEBF0-9890-3ADA-810B-589113BAF9DA} = {E53CEBF0-9890-3ADA-810B-589113BAF9DA}
		{25FF793C-A5DE-34D2-A9AB-7DDB9C681331} = {25FF793C-A5DE-34D2-A9AB-7DDB9C681331}
	EndProjectSection
EndProject
Global
	GlobalSection(SolutionConfigurationPlatforms) = preSolution
		Debug|Win32 = Debug|Win32
		Release|Win32 = Release|Win32
		MinSizeRel|Win32 = MinSizeRel|Win32
		RelWithDebInfo|Win32 = RelWithDebInfo|Win32
	EndGlobalSection
	GlobalSection(ProjectConfigurationPlatforms) = postSolution
		{9E4F7D84-B213-3D7D-99F1-5300A47CB23E}.Debug|Win32.ActiveCfg = Debug|Win32
		{9E4F7D84-B213-3D7D-99F1-5300A47CB23E}.Debug|Win32.Build.0 = Debug|Win32
		{9E4F7D84-B213-3D7D-99F1-5300A47CB23E}.Release|Win32.ActiveCfg = Release|Win32
		{9E4F7D84-B213-3D7D-99F1-5300A47CB23E}.Release|Win32.Build.0 = Release|Win32
		{9E4F7D84-B213-3D7D-99F1-5300A47CB23E}.MinSizeRel|Win32.ActiveCfg = MinSizeRel|Win32
		{9E4F7D84-B213-3D7D-99F1-5300A47CB23E}.MinSizeRel|Win32.Build.0 = MinSizeRel|Win32
		{9E4F7D84-B213-3D7D-99F1-5300A47CB23E}.RelWithDebInfo|Win32.ActiveCfg = RelWithDebInfo|Win32
		{9E4F7D84-B213-3D7D-99F1-5300A47CB23E}.RelWithDebInfo|Win32.Build.0 = RelWithDebInfo|Win32
		{5290E2BC-AB19-34F2-BCD8-501CD257BAD4}.Debug|Win32.ActiveCfg = Debug|Win32
		{5290E2BC-AB19-34F2-BCD8-501CD257BAD4}.Release|Win32.ActiveCfg = Release|Win32
		{5290E2BC-AB19-34F2-BCD8-501CD257BAD4}.MinSizeRel|Win32.ActiveCfg = MinSizeRel|Win32
		{5290E2BC-AB19-34F2-BCD8-501CD257BAD4}.RelWithDebInfo|Win32.ActiveCfg = RelWithDebInfo|Win32
		{E53CEBF0-9890-3ADA-810B-589113BAF9DA}.Debug|Win32.ActiveCfg = Debug|Win32
		{E53CEBF0-9890-3ADA-810B-589113BAF9DA}.Debug|Win32.Build.0 = Debug|Win32
		{E53CEBF0-9890-3ADA-810B-589113BAF9DA}.Release|Win32.ActiveCfg = Release|Win32
		{E53CEBF0-9890-3ADA-810B-589113BAF9DA}.Release|Win32.Build.0 = Release|Win32
		{E53CEBF0-9890-3ADA-810B-589113BAF9DA}.MinSizeRel|Win32.ActiveCfg = MinSizeRel|Win32
		{E53CEBF0-9890-3ADA-810B-589113BAF9DA}.MinSizeRel|Win32.Build.0 = MinSizeRel|Win32
		{E53CEBF0-9890-3ADA-810B-589113BAF9DA}.RelWithDebInfo|Win32.ActiveCfg = RelWithDebInfo|Win32
		{E53CEBF0-9890-3ADA-810B-589113BAF9DA}.RelWithDebInfo|Win32.Build.0 = RelWithDebInfo|Win32
		{48913442-1505-3767-9A60-959788989CBA}.Debug|Win32.ActiveCfg = Debug|Win32
		{48913442-1505-3767-9A60-959788989CBA}.Debug|Win32.Build.0 = Debug|Win32
		{48913442-1505-3767-9A60-959788989CBA}.Release|Win32.ActiveCfg = Release|Win32
		{48913442-1505-3767-9A60-959788989CBA}.Release|Win32.Build.0 = Release|Win32
		{48913442-1505-3767-9A60-959788989CBA}.MinSizeRel|Win32.ActiveCfg = MinSizeRel|Win32
		{48913442-1505-3767-9A60-959788989CBA}.MinSizeRel|Win32.Build.0 = MinSizeRel|Win32
		{48913442-1505-3767-9A60-959788989CBA}.RelWithDebInfo|Win32.ActiveCfg = RelWithDebInfo|Win32
		{48913442-1505-3767-9A60-959788989CBA}.RelWithDebInfo|Win32.Build.0 = RelWithDebInfo|Win32
		{85DDE539-7BC0-317E-A489-C88576322D3E}.Debug|Win32.ActiveCfg = Debug|Win32
		{85DDE539-7BC0-317E-A489-C88576322D3E}.Debug|Win32.Build.0 = Debug|Win32
		{85DDE539-7BC0-317E-A489-C88576322D3E}.Release|Win32.ActiveCfg = Release|Win32
		{85DDE539-7BC0-317E-A489-C88576322D3E}.Release|Win32.Build.0 = Release|Win32
		{85DDE539-7BC0-317E-A489-C88576322D3E}.MinSizeRel|Win32.ActiveCfg = MinSizeRel|Win32
		{85DDE539-7BC0-317E-A489-C88576322D3E}.MinSizeRel|Win32.Build.0 = MinSizeRel|Win32
		{85DDE539-7BC0-317E-A489-C88576322D3E}.RelWithDebInfo|Win32.ActiveCfg = RelWithDebInfo|Win32
		{85DDE539-7BC0-317E-A489-C88576322D3E}.RelWithDebInfo|Win32.Build.0 = RelWithDebInfo|Win32
		{6174CE43-D52D-39A5-AEE8-6BF4BE7651D1}.Debug|Win32.ActiveCfg = Debug|Win32
		{6174CE43-D52D-39A5-AEE8-6BF4BE7651D1}.Debug|Win32.Build.0 = Debug|Win32
		{6174CE43-D52D-39A5-AEE8-6BF4BE7651D1}.Release|Win32.ActiveCfg = Release|Win32
		{6174CE43-D52D-39A5-AEE8-6BF4BE7651D1}.Release|Win32.Build.0 = Release|Win32
		{6174CE43-D52D-39A5-AEE8-6BF4BE7651D1}.MinSizeRel|Win32.ActiveCfg = MinSizeRel|Win32
		{6174CE43-D52D-39A5-AEE8-6BF4BE7651D1}.MinSizeRel|Win32.Build.0 = MinSizeRel|Win32
		{6174CE43-D52D-39A5-AEE8-6BF4BE7651D1}.RelWithDebInfo|Win32.ActiveCfg = RelWithDebInfo|Win32
		{6174CE43-D52D-39A5-AEE8-6BF4BE7651D1}.RelWithDebInfo|Win32.Build.0 = RelWithDebInfo|Win32
		{5C64C02A-FCAC-36B1-A228-6C1D1A8C5637}.Debug|Win32.ActiveCfg = Debug|Win32
		{5C64C02A-FCAC-36B1-A228-6C1D1A8C5637}.Debug|Win32.Build.0 = Debug|Win32
		{5C64C02A-FCAC-36B1-A228-6C1D1A8C5637}.Release|Win32.ActiveCfg = Release|Win32
		{5C64C02A-FCAC-36B1-A228-6C1D1A8C5637}.Release|Win32.Build.0 = Release|Win32
		{5C64C02A-FCAC-36B1-A228-6C1D1A8C5637}.MinSizeRel|Win32.ActiveCfg = MinSizeRel|Win32
		{5C64C02A-FCAC-36B1-A228-6C1D1A8C5637}.MinSizeRel|Win32.Build.0 = MinSizeRel|Win32
		{5C64C02A-FCAC-36B1-A228-6C1D1A8C5637}.RelWithDebInfo|Win32.ActiveCfg = RelWithDebInfo|Win32
		{5C64C02A-FCAC-36B1-A228-6C1D1A8C5637}.RelWithDebInfo|Win32.Build.0 = RelWithDebInfo|Win32
		{7A025BF1-ECCF-3C51-9BED-3487DB2486C1}.Debug|Win32.ActiveCfg = Debug|Win32
		{7A025BF1-ECCF-3C51-9BED-3487DB2486C1}.Debug|Win32.Build.0 = Debug|Win32
		{7A025BF1-ECCF-3C51-9BED-3487DB2486C1}.Release|Win32.ActiveCfg = Release|Win32
		{7A025BF1-ECCF-3C51-9BED-3487DB2486C1}.Release|Win32.Build.0 = Release|Win32
		{7A025BF1-ECCF-3C51-9BED-3487DB2486C1}.MinSizeRel|Win32.ActiveCfg = MinSizeRel|Win32
		{7A025BF1-ECCF-3C51-9BED-3487DB2486C1}.MinSizeRel|Win32.Build.0 = MinSizeRel|Win32
		{7A025BF1-ECCF-3C51-9BED-3487DB2486C1}.RelWithDebInfo|Win32.ActiveCfg = RelWithDebInfo|Win32
		{7A025BF1-ECCF-3C51-9BED-3487DB2486C1}.RelWithDebInfo|Win32.Build.0 = RelWithDebInfo|Win32
		{B44BA918-3D35-3ED5-A769-EC801DF630E7}.Debug|Win32.ActiveCfg = Debug|Win32
		{B44BA918-3D35-3ED5-A769-EC801DF630E7}.Debug|Win32.Build.0 = Debug|Win32
		{B44BA918-3D35-3ED5-A769-EC801DF630E7}.Release|Win32.ActiveCfg = Release|Win32
		{B44BA918-3D35-3ED5-A769-EC801DF630E7}.Release|Win32.Build.0 = Release|Win32
		{B44BA918-3D35-3ED5-A769-EC801DF630E7}.MinSizeRel|Win32.ActiveCfg = MinSizeRel|Win32
		{B44BA918-3D35-3ED5-A769-EC801DF630E7}.MinSizeRel|Win32.Build.0 = MinSizeRel|Win32
		{B44BA918-3D35-3ED5-A769-EC801DF630E7}.RelWithDebInfo|Win32.ActiveCfg = RelWithDebInfo|Win32
		{B44BA918-3D35-3ED5-A769-EC801DF630E7}.RelWithDebInfo|Win32.Build.0 = RelWithDebInfo|Win32
		{E077CBE9-784E-3D1C-932F-6509F3C05497}.Debug|Win32.ActiveCfg = Debug|Win32
		{E077CBE9-784E-3D1C-932F-6509F3C05497}.Debug|Win32.Build.0 = Debug|Win32
		{E077CBE9-784E-3D1C-932F-6509F3C05497}.Release|Win32.ActiveCfg = Release|Win32
		{E077CBE9-784E-3D1C-932F-6509F3C05497}.Release|Win32.Build.0 = Release|Win32
		{E077CBE9-784E-3D1C-932F-6509F3C05497}.MinSizeRel|Win32.ActiveCfg = MinSizeRel|Win32
		{E077CBE9-784E-3D1C-932F-6509F3C05497}.MinSizeRel|Win32.Build.0 = MinSizeRel|Win32
		{E077CBE9-784E-3D1C-932F-6509F3C05497}.RelWithDebInfo|Win32.ActiveCfg = RelWithDebInfo|Win32
		{E077CBE9-784E-3D1C-932F-6509F3C05497}.RelWithDebInfo|Win32.Build.0 = RelWithDebInfo|Win32
		{25FF793C-A5DE-34D2-A9AB-7DDB9C681331}.Debug|Win32.ActiveCfg = Debug|Win32
		{25FF793C-A5DE-34D2-A9AB-7DDB9C681331}.Debug|Win32.Build.0 = Debug|Win32
		{25FF793C-A5DE-34D2-A9AB-7DDB9C681331}.Release|Win32.ActiveCfg = Release|Win32
		{25FF793C-A5DE-34D2-A9AB-7DDB9C681331}.Release|Win32.Build.0 = Release|Win32
		{25FF793C-A5DE-34D2-A9AB-7DDB9C681331}.MinSizeRel|Win32.ActiveCfg = MinSizeRel|Win32
		{25FF793C-A5DE-34D2-A9AB-7DDB9C681331}.MinSizeRel|Win32.Build.0 = MinSizeRel|Win32
		{25FF793C-A5DE-34D2-A9AB-7DDB9C681331}.RelWithDebInfo|Win32.ActiveCfg = RelWithDebInfo|Win32
		{25FF793C-A5DE-34D2-A9AB-7DDB9C681331}.RelWithDebInfo|Win32.Build.0 = RelWithDebInfo|Win32
		{CE182092-6963-3B06-BD41-CF49A9D994AD}.Debug|Win32.ActiveCfg = Debug|Win32
		{CE182092-6963-3B06-BD41-CF49A9D994AD}.Debug|Win32.Build.0 = Debug|Win32
		{CE182092-6963-3B06-BD41-CF49A9D994AD}.Release|Win32.ActiveCfg = Release|Win32
		{CE182092-6963-3B06-BD41-CF49A9D994AD}.Release|Win32.Build.0 = Release|Win32
		{CE182092-6963-3B06-BD41-CF49A9D994AD}.MinSizeRel|Win32.ActiveCfg = MinSizeRel|Win32
		{CE182092-6963-3B06-BD41-CF49A9D994AD}.MinSizeRel|Win32.Build.0 = MinSizeRel|Win32
		{CE182092-6963-3B06-BD41-CF49A9D994AD}.RelWithDebInfo|Win32.ActiveCfg = RelWithDebInfo|Win32
		{CE182092-6963-3B06-BD41-CF49A9D994AD}.RelWithDebInfo|Win32.Build.0 = RelWithDebInfo|Win32
		{3FC24FB5-E6B9-3D13-BF9C-72C021915E2D}.Debug|Win32.ActiveCfg = Debug|Win32
		{3FC24FB5-E6B9-3D13-BF9C-72C021915E2D}.Debug|Win32.Build.0 = Debug|Win32
		{3FC24FB5-E6B9-3D13-BF9C-72C021915E2D}.Release|Win32.ActiveCfg = Release|Win32
		{3FC24FB5-E6B9-3D13-BF9C-72C021915E2D}.Release|Win32.Build.0 = Release|Win32
		{3FC24FB5-E6B9-3D13-BF9C-72C021915E2D}.MinSizeRel|Win32.ActiveCfg = MinSizeRel|Win32
		{3FC24FB5-E6B9-3D13-BF9C-72C021915E2D}.MinSizeRel|Win32.Build.0 = MinSizeRel|Win32
		{3FC24FB5-E6B9-3D13-BF9C-72C021915E2D}.RelWithDebInfo|Win32.ActiveCfg = RelWithDebInfo|Win32
		{3FC24FB5-E6B9-3D13-BF9C-72C021915E2D}.RelWithDebInfo|Win32.Build.0 = RelWithDebInfo|Win32
		{823DD1F8-F0FF-3DD5-A21C-EF7BC3CDE93B}.Debug|Win32.ActiveCfg = Debug|Win32
		{823DD1F8-F0FF-3DD5-A21C-EF7BC3CDE93B}.Debug|Win32.Build.0 = Debug|Win32
		{823DD1F8-F0FF-3DD5-A21C-EF7BC3CDE93B}.Release|Win32.ActiveCfg = Release|Win32
		{823DD1F8-F0FF-3DD5-A21C-EF7BC3CDE93B}.Release|Win32.Build.0 = Release|Win32
		{823DD1F8-F0FF-3DD5-A21C-EF7BC3CDE93B}.MinSizeRel|Win32.ActiveCfg = MinSizeRel|Win32
		{823DD1F8-F0FF-3DD5-A21C-EF7BC3CDE93B}.MinSizeRel|Win32.Build.0 = MinSizeRel|Win32
		{823DD1F8-F0FF-3DD5-A21C-EF7BC3CDE93B}.RelWithDebInfo|Win32.ActiveCfg = RelWithDebInfo|Win32
		{823DD1F8-F0FF-3DD5-A21C-EF7BC3CDE93B}.RelWithDebInfo|Win32.Build.0 = RelWithDebInfo|Win32
		{1F159574-A2AA-364C-ABFC-6A8CAD6DB7AE}.Debug|Win32.ActiveCfg = Debug|Win32
		{1F159574-A2AA-364C-ABFC-6A8CAD6DB7AE}.Debug|Win32.Build.0 = Debug|Win32
		{1F159574-A2AA-364C-ABFC-6A8CAD6DB7AE}.Release|Win32.ActiveCfg = Release|Win32
		{1F159574-A2AA-364C-ABFC-6A8CAD6DB7AE}.Release|Win32.Build.0 = Release|Win32
		{1F159574-A2AA-364C-ABFC-6A8CAD6DB7AE}.MinSizeRel|Win32.ActiveCfg = MinSizeRel|Win32
		{1F159574-A2AA-364C-ABFC-6A8CAD6DB7AE}.MinSizeRel|Win32.Build.0 = MinSizeRel|Win32
		{1F159574-A2AA-364C-ABFC-6A8CAD6DB7AE}.RelWithDebInfo|Win32.ActiveCfg = RelWithDebInfo|Win32
		{1F159574-A2AA-364C-ABFC-6A8CAD6DB7AE}.RelWithDebInfo|Win32.Build.0 = RelWithDebInfo|Win32
		{B61422E4-9724-366F-A12B-C9C0E94D10DB}.Debug|Win32.ActiveCfg = Debug|Win32
		{B61422E4-9724-366F-A12B-C9C0E94D10DB}.Debug|Win32.Build.0 = Debug|Win32
		{B61422E4-9724-366F-A12B-C9C0E94D10DB}.Release|Win32.ActiveCfg = Release|Win32
		{B61422E4-9724-366F-A12B-C9C0E94D10DB}.Release|Win32.Build.0 = Release|Win32
		{B61422E4-9724-366F-A12B-C9C0E94D10DB}.MinSizeRel|Win32.ActiveCfg = MinSizeRel|Win32
		{B61422E4-9724-366F-A12B-C9C0E94D10DB}.MinSizeRel|Win32.Build.0 = MinSizeRel|Win32
		{B61422E4-9724-366F-A12B-C9C0E94D10DB}.RelWithDebInfo|Win32.ActiveCfg = RelWithDebInfo|Win32
		{B61422E4-9724-366F-A12B-C9C0E94D10DB}.RelWithDebInfo|Win32.Build.0 = RelWithDebInfo|Win32
		{BBD3AEDF-00F8-3D9B-BB5A-2248942689F2}.Debug|Win32.ActiveCfg = Debug|Win32
		{BBD3AEDF-00F8-3D9B-BB5A-2248942689F2}.Debug|Win32.Build.0 = Debug|Win32
		{BBD3AEDF-00F8-3D9B-BB5A-2248942689F2}.Release|Win32.ActiveCfg = Release|Win32
		{BBD3AEDF-00F8-3D9B-BB5A-2248942689F2}.Release|Win32.Build.0 = Release|Win32
		{BBD3AEDF-00F8-3D9B-BB5A-2248942689F2}.MinSizeRel|Win32.ActiveCfg = MinSizeRel|Win32
		{BBD3AEDF-00F8-3D9B-BB5A-2248942689F2}.MinSizeRel|Win32.Build.0 = MinSizeRel|Win32
		{BBD3AEDF-00F8-3D9B-BB5A-2248942689F2}.RelWithDebInfo|Win32.ActiveCfg = RelWithDebInfo|Win32
		{BBD3AEDF-00F8-3D9B-BB5A-2248942689F2}.RelWithDebInfo|Win32.Build.0 = RelWithDebInfo|Win32
		{7DC87722-030E-3EB6-BA69-4E4E1CB204C2}.Debug|Win32.ActiveCfg = Debug|Win32
		{7DC87722-030E-3EB6-BA69-4E4E1CB204C2}.Debug|Win32.Build.0 = Debug|Win32
		{7DC87722-030E-3EB6-BA69-4E4E1CB204C2}.Release|Win32.ActiveCfg = Release|Win32
		{7DC87722-030E-3EB6-BA69-4E4E1CB204C2}.Release|Win32.Build.0 = Release|Win32
		{7DC87722-030E-3EB6-BA69-4E4E1CB204C2}.MinSizeRel|Win32.ActiveCfg = MinSizeRel|Win32
		{7DC87722-030E-3EB6-BA69-4E4E1CB204C2}.MinSizeRel|Win32.Build.0 = MinSizeRel|Win32
		{7DC87722-030E-3EB6-BA69-4E4E1CB204C2}.RelWithDebInfo|Win32.ActiveCfg = RelWithDebInfo|Win32
		{7DC87722-030E-3EB6-BA69-4E4E1CB204C2}.RelWithDebInfo|Win32.Build.0 = RelWithDebInfo|Win32
		{F2AD9560-E52E-35A3-99C3-2A87CAFB6AEC}.Debug|Win32.ActiveCfg = Debug|Win32
		{F2AD9560-E52E-35A3-99C3-2A87CAFB6AEC}.Debug|Win32.Build.0 = Debug|Win32
		{F2AD9560-E52E-35A3-99C3-2A87CAFB6AEC}.Release|Win32.ActiveCfg = Release|Win32
		{F2AD9560-E52E-35A3-99C3-2A87CAFB6AEC}.Release|Win32.Build.0 = Release|Win32
		{F2AD9560-E52E-35A3-99C3-2A87CAFB6AEC}.MinSizeRel|Win32.ActiveCfg = MinSizeRel|Win32
		{F2AD9560-E52E-35A3-99C3-2A87CAFB6AEC}.MinSizeRel|Win32.Build.0 = MinSizeRel|Win32
		{F2AD9560-E52E-35A3-99C3-2A87CAFB6AEC}.RelWithDebInfo|Win32.ActiveCfg = RelWithDebInfo|Win32
		{F2AD9560-E52E-35A3-99C3-2A87CAFB6AEC}.RelWithDebInfo|Win32.Build.0 = RelWithDebInfo|Win32
		{249E2BC6-6315-3A47-9EE5-2D5761C15A1D}.Debug|Win32.ActiveCfg = Debug|Win32
		{249E2BC6-6315-3A47-9EE5-2D5761C15A1D}.Debug|Win32.Build.0 = Debug|Win32
		{249E2BC6-6315-3A47-9EE5-2D5761C15A1D}.Release|Win32.ActiveCfg = Release|Win32
		{249E2BC6-6315-3A47-9EE5-2D5761C15A1D}.Release|Win32.Build.0 = Release|Win32
		{249E2BC6-6315-3A47-9EE5-2D5761C15A1D}.MinSizeRel|Win32.ActiveCfg = MinSizeRel|Win32
		{249E2BC6-6315-3A47-9EE5-2D5761C15A1D}.MinSizeRel|Win32.Build.0 = MinSizeRel|Win32
		{249E2BC6-6315-3A47-9EE5-2D5761C15A1D}.RelWithDebInfo|Win32.ActiveCfg = RelWithDebInfo|Win32
		{249E2BC6-6315-3A47-9EE5-2D5761C15A1D}.RelWithDebInfo|Win32.Build.0 = RelWithDebInfo|Win32
		{6DA56F1D-CD85-3D97-A1E5-02E244BA08A9}.Debug|Win32.ActiveCfg = Debug|Win32
		{6DA56F1D-CD85-3D97-A1E5-02E244BA08A9}.Debug|Win32.Build.0 = Debug|Win32
		{6DA56F1D-CD85-3D97-A1E5-02E244BA08A9}.Release|Win32.ActiveCfg = Release|Win32
		{6DA56F1D-CD85-3D97-A1E5-02E244BA08A9}.Release|Win32.Build.0 = Release|Win32
		{6DA56F1D-CD85-3D97-A1E5-02E244BA08A9}.MinSizeRel|Win32.ActiveCfg = MinSizeRel|Win32
		{6DA56F1D-CD85-3D97-A1E5-02E244BA08A9}.MinSizeRel|Win32.Build.0 = MinSizeRel|Win32
		{6DA56F1D-CD85-3D97-A1E5-02E244BA08A9}.RelWithDebInfo|Win32.ActiveCfg = RelWithDebInfo|Win32
		{6DA56F1D-CD85-3D97-A1E5-02E244BA08A9}.RelWithDebInfo|Win32.Build.0 = RelWithDebInfo|Win32
		{23E54FFE-9C9D-323A-A5FC-9F6E4591664C}.Debug|Win32.ActiveCfg = Debug|Win32
		{23E54FFE-9C9D-323A-A5FC-9F6E4591664C}.Debug|Win32.Build.0 = Debug|Win32
		{23E54FFE-9C9D-323A-A5FC-9F6E4591664C}.Release|Win32.ActiveCfg = Release|Win32
		{23E54FFE-9C9D-323A-A5FC-9F6E4591664C}.Release|Win32.Build.0 = Release|Win32
		{23E54FFE-9C9D-323A-A5FC-9F6E4591664C}.MinSizeRel|Win32.ActiveCfg = MinSizeRel|Win32
		{23E54FFE-9C9D-323A-A5FC-9F6E4591664C}.MinSizeRel|Win32.Build.0 = MinSizeRel|Win32
		{23E54FFE-9C9D-323A-A5FC-9F6E4591664C}.RelWithDebInfo|Win32.ActiveCfg = RelWithDebInfo|Win32
		{23E54FFE-9C9D-323A-A5FC-9F6E4591664C}.RelWithDebInfo|Win32.Build.0 = RelWithDebInfo|Win32
		{6E88DF44-0D0A-32B7-82E2-1160F1E2B3A8}.Debug|Win32.ActiveCfg = Debug|Win32
		{6E88DF44-0D0A-32B7-82E2-1160F1E2B3A8}.Debug|Win32.Build.0 = Debug|Win32
		{6E88DF44-0D0A-32B7-82E2-1160F1E2B3A8}.Release|Win32.ActiveCfg = Release|Win32
		{6E88DF44-0D0A-32B7-82E2-1160F1E2B3A8}.Release|Win32.Build.0 = Release|Win32
		{6E88DF44-0D0A-32B7-82E2-1160F1E2B3A8}.MinSizeRel|Win32.ActiveCfg = MinSizeRel|Win32
		{6E88DF44-0D0A-32B7-82E2-1160F1E2B3A8}.MinSizeRel|Win32.Build.0 = MinSizeRel|Win32
		{6E88DF44-0D0A-32B7-82E2-1160F1E2B3A8}.RelWithDebInfo|Win32.ActiveCfg = RelWithDebInfo|Win32
		{6E88DF44-0D0A-32B7-82E2-1160F1E2B3A8}.RelWithDebInfo|Win32.Build.0 = RelWithDebInfo|Win32
		{8E8E0E63-E360-385F-9839-8D13965AB647}.Debug|Win32.ActiveCfg = Debug|Win32
		{8E8E0E63-E360-385F-9839-8D13965AB647}.Debug|Win32.Build.0 = Debug|Win32
		{8E8E0E63-E360-385F-9839-8D13965AB647}.Release|Win32.ActiveCfg = Release|Win32
		{8E8E0E63-E360-385F-9839-8D13965AB647}.Release|Win32.Build.0 = Release|Win32
		{8E8E0E63-E360-385F-9839-8D13965AB647}.MinSizeRel|Win32.ActiveCfg = MinSizeRel|Win32
		{8E8E0E63-E360-385F-9839-8D13965AB647}.MinSizeRel|Win32.Build.0 = MinSizeRel|Win32
		{8E8E0E63-E360-385F-9839-8D13965AB647}.RelWithDebInfo|Win32.ActiveCfg = RelWithDebInfo|Win32
		{8E8E0E63-E360-385F-9839-8D13965AB647}.RelWithDebInfo|Win32.Build.0 = RelWithDebInfo|Win32
		{425119E4-E1CF-38EE-B30B-1BD20F54A6C1}.Debug|Win32.ActiveCfg = Debug|Win32
		{425119E4-E1CF-38EE-B30B-1BD20F54A6C1}.Debug|Win32.Build.0 = Debug|Win32
		{425119E4-E1CF-38EE-B30B-1BD20F54A6C1}.Release|Win32.ActiveCfg = Release|Win32
		{425119E4-E1CF-38EE-B30B-1BD20F54A6C1}.Release|Win32.Build.0 = Release|Win32
		{425119E4-E1CF-38EE-B30B-1BD20F54A6C1}.MinSizeRel|Win32.ActiveCfg = MinSizeRel|Win32
		{425119E4-E1CF-38EE-B30B-1BD20F54A6C1}.MinSizeRel|Win32.Build.0 = MinSizeRel|Win32
		{425119E4-E1CF-38EE-B30B-1BD20F54A6C1}.RelWithDebInfo|Win32.ActiveCfg = RelWithDebInfo|Win32
		{425119E4-E1CF-38EE-B30B-1BD20F54A6C1}.RelWithDebInfo|Win32.Build.0 = RelWithDebInfo|Win32
		{5FDCABFC-2D23-35B0-A0F8-C817A5E40140}.Debug|Win32.ActiveCfg = Debug|Win32
		{5FDCABFC-2D23-35B0-A0F8-C817A5E40140}.Debug|Win32.Build.0 = Debug|Win32
		{5FDCABFC-2D23-35B0-A0F8-C817A5E40140}.Release|Win32.ActiveCfg = Release|Win32
		{5FDCABFC-2D23-35B0-A0F8-C817A5E40140}.Release|Win32.Build.0 = Release|Win32
		{5FDCABFC-2D23-35B0-A0F8-C817A5E40140}.MinSizeRel|Win32.ActiveCfg = MinSizeRel|Win32
		{5FDCABFC-2D23-35B0-A0F8-C817A5E40140}.MinSizeRel|Win32.Build.0 = MinSizeRel|Win32
		{5FDCABFC-2D23-35B0-A0F8-C817A5E40140}.RelWithDebInfo|Win32.ActiveCfg = RelWithDebInfo|Win32
		{5FDCABFC-2D23-35B0-A0F8-C817A5E40140}.RelWithDebInfo|Win32.Build.0 = RelWithDebInfo|Win32
		{4B809E7B-0EF2-3AA9-BEC1-B131EFB71733}.Debug|Win32.ActiveCfg = Debug|Win32
		{4B809E7B-0EF2-3AA9-BEC1-B131EFB71733}.Debug|Win32.Build.0 = Debug|Win32
		{4B809E7B-0EF2-3AA9-BEC1-B131EFB71733}.Release|Win32.ActiveCfg = Release|Win32
		{4B809E7B-0EF2-3AA9-BEC1-B131EFB71733}.Release|Win32.Build.0 = Release|Win32
		{4B809E7B-0EF2-3AA9-BEC1-B131EFB71733}.MinSizeRel|Win32.ActiveCfg = MinSizeRel|Win32
		{4B809E7B-0EF2-3AA9-BEC1-B131EFB71733}.MinSizeRel|Win32.Build.0 = MinSizeRel|Win32
		{4B809E7B-0EF2-3AA9-BEC1-B131EFB71733}.RelWithDebInfo|Win32.ActiveCfg = RelWithDebInfo|Win32
		{4B809E7B-0EF2-3AA9-BEC1-B131EFB71733}.RelWithDebInfo|Win32.Build.0 = RelWithDebInfo|Win32
		{DC164568-CEBD-3D66-9775-51B1F1464AAA}.Debug|Win32.ActiveCfg = Debug|Win32
		{DC164568-CEBD-3D66-9775-51B1F1464AAA}.Release|Win32.ActiveCfg = Release|Win32
		{DC164568-CEBD-3D66-9775-51B1F1464AAA}.MinSizeRel|Win32.ActiveCfg = MinSizeRel|Win32
		{DC164568-CEBD-3D66-9775-51B1F1464AAA}.RelWithDebInfo|Win32.ActiveCfg = RelWithDebInfo|Win32
		{05887A2A-E967-3370-8947-03A51EC76365}.Debug|Win32.ActiveCfg = Debug|Win32
		{05887A2A-E967-3370-8947-03A51EC76365}.Debug|Win32.Build.0 = Debug|Win32
		{05887A2A-E967-3370-8947-03A51EC76365}.Release|Win32.ActiveCfg = Release|Win32
		{05887A2A-E967-3370-8947-03A51EC76365}.Release|Win32.Build.0 = Release|Win32
		{05887A2A-E967-3370-8947-03A51EC76365}.MinSizeRel|Win32.ActiveCfg = MinSizeRel|Win32
		{05887A2A-E967-3370-8947-03A51EC76365}.MinSizeRel|Win32.Build.0 = MinSizeRel|Win32
		{05887A2A-E967-3370-8947-03A51EC76365}.RelWithDebInfo|Win32.ActiveCfg = RelWithDebInfo|Win32
		{05887A2A-E967-3370-8947-03A51EC76365}.RelWithDebInfo|Win32.Build.0 = RelWithDebInfo|Win32
		{F92AA86C-CC69-372E-BE26-05FCAA332BA2}.Debug|Win32.ActiveCfg = Debug|Win32
		{F92AA86C-CC69-372E-BE26-05FCAA332BA2}.Debug|Win32.Build.0 = Debug|Win32
		{F92AA86C-CC69-372E-BE26-05FCAA332BA2}.Release|Win32.ActiveCfg = Release|Win32
		{F92AA86C-CC69-372E-BE26-05FCAA332BA2}.Release|Win32.Build.0 = Release|Win32
		{F92AA86C-CC69-372E-BE26-05FCAA332BA2}.MinSizeRel|Win32.ActiveCfg = MinSizeRel|Win32
		{F92AA86C-CC69-372E-BE26-05FCAA332BA2}.MinSizeRel|Win32.Build.0 = MinSizeRel|Win32
		{F92AA86C-CC69-372E-BE26-05FCAA332BA2}.RelWithDebInfo|Win32.ActiveCfg = RelWithDebInfo|Win32
		{F92AA86C-CC69-372E-BE26-05FCAA332BA2}.RelWithDebInfo|Win32.Build.0 = RelWithDebInfo|Win32
	EndGlobalSection
	GlobalSection(NestedProjects) = preSolution
		{9E4F7D84-B213-3D7D-99F1-5300A47CB23E} = {A701BD68-FC15-377E-B701-429FD3AFCA37}
		{5290E2BC-AB19-34F2-BCD8-501CD257BAD4} = {A701BD68-FC15-377E-B701-429FD3AFCA37}
		{E53CEBF0-9890-3ADA-810B-589113BAF9DA} = {A701BD68-FC15-377E-B701-429FD3AFCA37}
		{BB312C9C-35D0-3A2C-8646-31AB64439A8F} = {6D11A4CA-1756-3960-856B-5C777052037B}
		{B7C3F0E4-A273-33EA-9C18-AB516F22271A} = {6D11A4CA-1756-3960-856B-5C777052037B}
		{25FF793C-A5DE-34D2-A9AB-7DDB9C681331} = {6D11A4CA-1756-3960-856B-5C777052037B}
		{48913442-1505-3767-9A60-959788989CBA} = {BB312C9C-35D0-3A2C-8646-31AB64439A8F}
		{E077CBE9-784E-3D1C-932F-6509F3C05497} = {BB312C9C-35D0-3A2C-8646-31AB64439A8F}
		{3FC24FB5-E6B9-3D13-BF9C-72C021915E2D} = {BB312C9C-35D0-3A2C-8646-31AB64439A8F}
		{F2AD9560-E52E-35A3-99C3-2A87CAFB6AEC} = {BB312C9C-35D0-3A2C-8646-31AB64439A8F}
		{23E54FFE-9C9D-323A-A5FC-9F6E4591664C} = {BB312C9C-35D0-3A2C-8646-31AB64439A8F}
		{6E88DF44-0D0A-32B7-82E2-1160F1E2B3A8} = {BB312C9C-35D0-3A2C-8646-31AB64439A8F}
		{05887A2A-E967-3370-8947-03A51EC76365} = {BB312C9C-35D0-3A2C-8646-31AB64439A8F}
		{85DDE539-7BC0-317E-A489-C88576322D3E} = {B7C3F0E4-A273-33EA-9C18-AB516F22271A}
		{6174CE43-D52D-39A5-AEE8-6BF4BE7651D1} = {B7C3F0E4-A273-33EA-9C18-AB516F22271A}
		{5C64C02A-FCAC-36B1-A228-6C1D1A8C5637} = {B7C3F0E4-A273-33EA-9C18-AB516F22271A}
		{7A025BF1-ECCF-3C51-9BED-3487DB2486C1} = {B7C3F0E4-A273-33EA-9C18-AB516F22271A}
		{B44BA918-3D35-3ED5-A769-EC801DF630E7} = {B7C3F0E4-A273-33EA-9C18-AB516F22271A}
		{CE182092-6963-3B06-BD41-CF49A9D994AD} = {B7C3F0E4-A273-33EA-9C18-AB516F22271A}
		{823DD1F8-F0FF-3DD5-A21C-EF7BC3CDE93B} = {B7C3F0E4-A273-33EA-9C18-AB516F22271A}
		{1F159574-A2AA-364C-ABFC-6A8CAD6DB7AE} = {B7C3F0E4-A273-33EA-9C18-AB516F22271A}
		{B61422E4-9724-366F-A12B-C9C0E94D10DB} = {B7C3F0E4-A273-33EA-9C18-AB516F22271A}
		{BBD3AEDF-00F8-3D9B-BB5A-2248942689F2} = {B7C3F0E4-A273-33EA-9C18-AB516F22271A}
		{7DC87722-030E-3EB6-BA69-4E4E1CB204C2} = {B7C3F0E4-A273-33EA-9C18-AB516F22271A}
		{249E2BC6-6315-3A47-9EE5-2D5761C15A1D} = {B7C3F0E4-A273-33EA-9C18-AB516F22271A}
		{6DA56F1D-CD85-3D97-A1E5-02E244BA08A9} = {B7C3F0E4-A273-33EA-9C18-AB516F22271A}
		{8E8E0E63-E360-385F-9839-8D13965AB647} = {B7C3F0E4-A273-33EA-9C18-AB516F22271A}
		{425119E4-E1CF-38EE-B30B-1BD20F54A6C1} = {B7C3F0E4-A273-33EA-9C18-AB516F22271A}
		{5FDCABFC-2D23-35B0-A0F8-C817A5E40140} = {B7C3F0E4-A273-33EA-9C18-AB516F22271A}
		{4B809E7B-0EF2-3AA9-BEC1-B131EFB71733} = {B7C3F0E4-A273-33EA-9C18-AB516F22271A}
		{F92AA86C-CC69-372E-BE26-05FCAA332BA2} = {B7C3F0E4-A273-33EA-9C18-AB516F22271A}
	EndGlobalSection
	GlobalSection(ExtensibilityGlobals) = postSolution
		SolutionGuid = {11EBBA69-F886-35AB-91FB-CC6369D8CF45}
	EndGlobalSection
	GlobalSection(ExtensibilityAddIns) = postSolution
	EndGlobalSection
EndGlobal
