<?xml version="1.0" encoding="UTF-8"?>
<Project ToolsVersion="15.0" xmlns="http://schemas.microsoft.com/developer/msbuild/2003">
  <ItemGroup>
    <CustomBuild Include="D:\Projects\University Projects\GameDev\Game\GameDev project\glfw-3.2.1\VisualC\CMakeFiles\35ae8a5af858e8be0da83946b056eb86\INSTALL_force.rule">
      <Filter>CMake Rules</Filter>
    </CustomBuild>
  </ItemGroup>
  <ItemGroup>
    <Filter Include="CMake Rules">
      <UniqueIdentifier>{D73B8359-D73E-3586-8781-CBB88597DE2A}</UniqueIdentifier>
    </Filter>
  </ItemGroup>
</Project>
